<?xml version="1.0" encoding="utf-8"?>
<Project ToolsVersion="4.0" xmlns="http://schemas.microsoft.com/developer/msbuild/2003">
  <ItemGroup>
    <Filter Include="Source Files">
      <UniqueIdentifier>{4FC737F1-C7A5-4376-A066-2A32D752A2FF}</UniqueIdentifier>
      <Extensions>cpp;c;cc;cxx;c++;def;odl;idl;hpj;bat;asm;asmx</Extensions>
    </Filter>
    <Filter Include="Header Files">
      <UniqueIdentifier>{93995380-89BD-4b04-88EB-625FBE52EBFB}</UniqueIdentifier>
      <Extensions>h;hh;hpp;hxx;h++;hm;inl;inc;ipp;xsd</Extensions>
    </Filter>
    <Filter Include="Resource Files">
      <UniqueIdentifier>{67DA6AB6-F800-4c08-8B7A-83BB121AAD01}</UniqueIdentifier>
      <Extensions>rc;ico;cur;bmp;dlg;rc2;rct;bin;rgs;gif;jpg;jpeg;jpe;resx;tiff;tif;png;wav;mfcribbon-ms</Extensions>
    </Filter>
    <Filter Include="Readme">
      <UniqueIdentifier>{857366c3-9af2-4f4e-a9b0-edfd2204dad3}</UniqueIdentifier>
      <Extensions>md;txt</Extensions>
    </Filter>
    <Filter Include="bin">
      <UniqueIdentifier>{8f29f553-fd3c-438c-a795-d6bdc09a267c}</UniqueIdentifier>
      <Extensions>exe;</Extensions>
    </Filter>
  </ItemGroup>
  <ItemGroup>
    <ClInclude Include="FrontCad.h">
      <Filter>Header Files</Filter>
    </ClInclude>
    <ClInclude Include="framework.h">
      <Filter>Header Files</Filter>
    </ClInclude>
    <ClInclude Include="targetver.h">
      <Filter>Header Files</Filter>
    </ClInclude>
    <ClInclude Include="MainFrm.h">
      <Filter>Header Files</Filter>
    </ClInclude>
    <ClInclude Include="FrontCadDoc.h">
      <Filter>Header Files</Filter>
    </ClInclude>
    <ClInclude Include="FrontCadView.h">
      <Filter>Header Files</Filter>
    </ClInclude>
    <ClInclude Include="Resource.h">
      <Filter>Header Files</Filter>
    </ClInclude>
    <ClInclude Include="pch.h">
      <Filter>Header Files</Filter>
    </ClInclude>
    <ClInclude Include="FrontCadDefines.h">
      <Filter>Header Files</Filter>
    </ClInclude>
    <ClInclude Include="CadArc.h">
      <Filter>Header Files</Filter>
    </ClInclude>
    <ClInclude Include="CadArcCent.h">
      <Filter>Header Files</Filter>
    </ClInclude>
    <ClInclude Include="CadArrow.h">
      <Filter>Header Files</Filter>
    </ClInclude>
    <ClInclude Include="CadBitmap.h">
      <Filter>Header Files</Filter>
    </ClInclude>
    <ClInclude Include="CadDimension.h">
      <Filter>Header Files</Filter>
    </ClInclude>
    <ClInclude Include="CadElispe.h">
      <Filter>Header Files</Filter>
    </ClInclude>
    <ClInclude Include="CadHoleRect.h">
      <Filter>Header Files</Filter>
    </ClInclude>
    <ClInclude Include="CadHoleRnd1Flat.h">
      <Filter>Header Files</Filter>
    </ClInclude>
    <ClInclude Include="CadHoleRnd2Flat.h">
      <Filter>Header Files</Filter>
    </ClInclude>
    <ClInclude Include="CadHoleRound.h">
      <Filter>Header Files</Filter>
    </ClInclude>
    <ClInclude Include="CadLine.h">
      <Filter>Header Files</Filter>
    </ClInclude>
    <ClInclude Include="CadObject.h">
      <Filter>Header Files</Filter>
    </ClInclude>
    <ClInclude Include="CadOrigin.h">
      <Filter>Header Files</Filter>
    </ClInclude>
    <ClInclude Include="CadPolygon.h">
      <Filter>Header Files</Filter>
    </ClInclude>
    <ClInclude Include="CadRect.h">
      <Filter>Header Files</Filter>
    </ClInclude>
    <ClInclude Include="CadRndRect.h">
      <Filter>Header Files</Filter>
    </ClInclude>
    <ClInclude Include="CadText.h">
      <Filter>Header Files</Filter>
    </ClInclude>
    <ClInclude Include="ObjectAttributs.h">
      <Filter>Header Files</Filter>
    </ClInclude>
    <ClInclude Include="CadArcAngle.h">
      <Filter>Header Files</Filter>
    </ClInclude>
    <ClInclude Include="DoublePoint.h">
      <Filter>Header Files</Filter>
    </ClInclude>
    <ClInclude Include="DoubleRect.h">
      <Filter>Header Files</Filter>
    </ClInclude>
    <ClInclude Include="DoubleSize.h">
      <Filter>Header Files</Filter>
    </ClInclude>
    <ClInclude Include="BaseDocument.h">
      <Filter>Header Files</Filter>
    </ClInclude>
    <ClInclude Include="MoveObjects.h">
      <Filter>Header Files</Filter>
    </ClInclude>
    <ClInclude Include="DlgArcCentProperies.h">
      <Filter>Header Files</Filter>
    </ClInclude>
    <ClInclude Include="DlgArcProperties.h">
      <Filter>Header Files</Filter>
    </ClInclude>
    <ClInclude Include="DlgArrowProperties.h">
      <Filter>Header Files</Filter>
    </ClInclude>
    <ClInclude Include="DlgBitmapProperties.h">
      <Filter>Header Files</Filter>
    </ClInclude>
    <ClInclude Include="DlgEllispeProperties.h">
      <Filter>Header Files</Filter>
    </ClInclude>
    <ClInclude Include="DlgLineAttributes.h">
      <Filter>Header Files</Filter>
    </ClInclude>
    <ClInclude Include="DlgRectProperties.h">
      <Filter>Header Files</Filter>
    </ClInclude>
    <ClInclude Include="DlgRndHole1Flat.h">
      <Filter>Header Files</Filter>
    </ClInclude>
    <ClInclude Include="DlgRndHole2FlatProp.h">
      <Filter>Header Files</Filter>
    </ClInclude>
    <ClInclude Include="DlgRoundHoleProp.h">
      <Filter>Header Files</Filter>
    </ClInclude>
    <ClInclude Include="DlgSquareHoleProp.h">
      <Filter>Header Files</Filter>
    </ClInclude>
    <ClInclude Include="DlgTextProperties.h">
      <Filter>Header Files</Filter>
    </ClInclude>
    <ClInclude Include="EditDecimal.h">
      <Filter>Header Files</Filter>
    </ClInclude>
    <ClInclude Include="StaticBitmap.h">
      <Filter>Header Files</Filter>
    </ClInclude>
    <ClInclude Include="StaticPreview.h">
      <Filter>Header Files</Filter>
    </ClInclude>
    <ClInclude Include="ComboBoxFontWeight.h">
      <Filter>Header Files</Filter>
    </ClInclude>
    <ClInclude Include="DlgPolygonProperties.h">
      <Filter>Header Files</Filter>
    </ClInclude>
    <ClInclude Include="DlgRndRectProperties.h">
      <Filter>Header Files</Filter>
    </ClInclude>
    <ClInclude Include="DlgNewName.h">
      <Filter>Header Files</Filter>
    </ClInclude>
    <ClInclude Include="Scale.h">
      <Filter>Header Files</Filter>
    </ClInclude>
    <ClInclude Include="Lexer.h">
      <Filter>Header Files</Filter>
    </ClInclude>
    <ClInclude Include="DlgObjectEnable.h">
      <Filter>Header Files</Filter>
    </ClInclude>
    <ClInclude Include="DoublePolygon.h">
      <Filter>Header Files</Filter>
    </ClInclude>
    <ClInclude Include="DlgDimensionPropertiex.h">
      <Filter>Header Files</Filter>
    </ClInclude>
    <ClInclude Include="DoubleLine.h">
      <Filter>Header Files</Filter>
    </ClInclude>
    <ClInclude Include="MyBitmap.h">
      <Filter>Header Files</Filter>
    </ClInclude>
    <ClInclude Include="Primitives.h">
      <Filter>Header Files</Filter>
    </ClInclude>
    <ClInclude Include="DoubleRndRectangle.h">
      <Filter>Header Files</Filter>
    </ClInclude>
    <ClInclude Include="DoubleEllipse.h">
      <Filter>Header Files</Filter>
    </ClInclude>
    <ClInclude Include="DoubleArc.h">
      <Filter>Header Files</Filter>
    </ClInclude>
    <ClInclude Include="FrontCadChildFrame.h">
      <Filter>Header Files</Filter>
    </ClInclude>
    <ClInclude Include="RulerCornerView.h">
      <Filter>Header Files</Filter>
    </ClInclude>
    <ClInclude Include="RulerSplitterWindow.h">
      <Filter>Header Files</Filter>
    </ClInclude>
    <ClInclude Include="RulerView.h">
      <Filter>Header Files</Filter>
    </ClInclude>
    <ClInclude Include="RulerInfo.h">
      <Filter>Header Files</Filter>
    </ClInclude>
    <ClInclude Include="Grid.h">
      <Filter>Header Files</Filter>
    </ClInclude>
    <ClInclude Include="MyEvent.h">
      <Filter>Header Files</Filter>
    </ClInclude>
    <ClInclude Include="ChildFrameBase.h">
      <Filter>Header Files</Filter>
    </ClInclude>
    <ClInclude Include="ChildViewBase.h">
      <Filter>Header Files</Filter>
    </ClInclude>
  </ItemGroup>
  <ItemGroup>
    <ClCompile Include="FrontCad.cpp">
      <Filter>Source Files</Filter>
    </ClCompile>
    <ClCompile Include="MainFrm.cpp">
      <Filter>Source Files</Filter>
    </ClCompile>
    <ClCompile Include="FrontCadDoc.cpp">
      <Filter>Source Files</Filter>
    </ClCompile>
    <ClCompile Include="FrontCadView.cpp">
      <Filter>Source Files</Filter>
    </ClCompile>
    <ClCompile Include="pch.cpp">
      <Filter>Source Files</Filter>
    </ClCompile>
    <ClCompile Include="CadArc.cpp">
      <Filter>Source Files</Filter>
    </ClCompile>
    <ClCompile Include="CadArcCent.cpp">
      <Filter>Source Files</Filter>
    </ClCompile>
    <ClCompile Include="CadArrow.cpp">
      <Filter>Source Files</Filter>
    </ClCompile>
    <ClCompile Include="CadBitmap.cpp">
      <Filter>Source Files</Filter>
    </ClCompile>
    <ClCompile Include="CadDimension.cpp">
      <Filter>Source Files</Filter>
    </ClCompile>
    <ClCompile Include="CadElispe.cpp">
      <Filter>Source Files</Filter>
    </ClCompile>
    <ClCompile Include="CadHoleRect.cpp">
      <Filter>Source Files</Filter>
    </ClCompile>
    <ClCompile Include="CadHoleRnd1Flat.cpp">
      <Filter>Source Files</Filter>
    </ClCompile>
    <ClCompile Include="CadHoleRnd2Flat.cpp">
      <Filter>Source Files</Filter>
    </ClCompile>
    <ClCompile Include="CadHoleRound.cpp">
      <Filter>Source Files</Filter>
    </ClCompile>
    <ClCompile Include="CadLine.cpp">
      <Filter>Source Files</Filter>
    </ClCompile>
    <ClCompile Include="CadObject.cpp">
      <Filter>Source Files</Filter>
    </ClCompile>
    <ClCompile Include="CadOrigin.cpp">
      <Filter>Source Files</Filter>
    </ClCompile>
    <ClCompile Include="CadPolygon.cpp">
      <Filter>Source Files</Filter>
    </ClCompile>
    <ClCompile Include="CadRect.cpp">
      <Filter>Source Files</Filter>
    </ClCompile>
    <ClCompile Include="CadRndRect.cpp">
      <Filter>Source Files</Filter>
    </ClCompile>
    <ClCompile Include="CadText.cpp">
      <Filter>Source Files</Filter>
    </ClCompile>
    <ClCompile Include="CadArcAngle.cpp">
      <Filter>Source Files</Filter>
    </ClCompile>
    <ClCompile Include="DoubleRect.cpp">
      <Filter>Source Files</Filter>
    </ClCompile>
    <ClCompile Include="DoubleSize.cpp">
      <Filter>Source Files</Filter>
    </ClCompile>
    <ClCompile Include="ObjectAttributes.cpp">
      <Filter>Source Files</Filter>
    </ClCompile>
    <ClCompile Include="Lexer.cpp">
      <Filter>Source Files</Filter>
    </ClCompile>
    <ClCompile Include="DoublePoint.cpp">
      <Filter>Source Files</Filter>
    </ClCompile>
    <ClCompile Include="BaseDocument.cpp">
      <Filter>Source Files</Filter>
    </ClCompile>
    <ClCompile Include="MoveObjects.cpp">
      <Filter>Source Files</Filter>
    </ClCompile>
    <ClCompile Include="DlgArcCentProperies.cpp">
      <Filter>Source Files</Filter>
    </ClCompile>
    <ClCompile Include="DlgArcProperties.cpp">
      <Filter>Source Files</Filter>
    </ClCompile>
    <ClCompile Include="DlgArrowProperties.cpp">
      <Filter>Source Files</Filter>
    </ClCompile>
    <ClCompile Include="DlgBitmapProperties.cpp">
      <Filter>Source Files</Filter>
    </ClCompile>
    <ClCompile Include="DlgEllispeProperties.cpp">
      <Filter>Source Files</Filter>
    </ClCompile>
    <ClCompile Include="DlgLineAttributes.cpp">
      <Filter>Source Files</Filter>
    </ClCompile>
    <ClCompile Include="DlgRectProperties.cpp">
      <Filter>Source Files</Filter>
    </ClCompile>
    <ClCompile Include="DlgRndHole1Flat.cpp">
      <Filter>Source Files</Filter>
    </ClCompile>
    <ClCompile Include="DlgRndHole2FlatProp.cpp">
      <Filter>Source Files</Filter>
    </ClCompile>
    <ClCompile Include="DlgRoundHoleProp.cpp">
      <Filter>Source Files</Filter>
    </ClCompile>
    <ClCompile Include="DlgSquareHoleProp.cpp">
      <Filter>Source Files</Filter>
    </ClCompile>
    <ClCompile Include="DlgTextProperties.cpp">
      <Filter>Source Files</Filter>
    </ClCompile>
    <ClCompile Include="EditDecimal.cpp">
      <Filter>Source Files</Filter>
    </ClCompile>
    <ClCompile Include="StaticBitmap.cpp">
      <Filter>Source Files</Filter>
    </ClCompile>
    <ClCompile Include="StaticPreview.cpp">
      <Filter>Source Files</Filter>
    </ClCompile>
    <ClCompile Include="ComboBoxFontWeight.cpp">
      <Filter>Source Files</Filter>
    </ClCompile>
    <ClCompile Include="DlgPolygonProperties.cpp">
      <Filter>Source Files</Filter>
    </ClCompile>
    <ClCompile Include="DlgRndRectProperties.cpp">
      <Filter>Source Files</Filter>
    </ClCompile>
    <ClCompile Include="DlgNewName.cpp">
      <Filter>Source Files</Filter>
    </ClCompile>
    <ClCompile Include="Scale.cpp">
      <Filter>Source Files</Filter>
    </ClCompile>
    <ClCompile Include="DlgObjectEnable.cpp">
      <Filter>Source Files</Filter>
    </ClCompile>
    <ClCompile Include="DoublePolygon.cpp">
      <Filter>Source Files</Filter>
    </ClCompile>
    <ClCompile Include="DlgDimensionPropertiex.cpp">
      <Filter>Source Files</Filter>
    </ClCompile>
    <ClCompile Include="DoubleLine.cpp">
      <Filter>Source Files</Filter>
    </ClCompile>
    <ClCompile Include="MyBitmap.cpp">
      <Filter>Source Files</Filter>
    </ClCompile>
    <ClCompile Include="DoubleRndRectangle.cpp">
      <Filter>Source Files</Filter>
    </ClCompile>
    <ClCompile Include="DoubleEllipse.cpp">
      <Filter>Source Files</Filter>
    </ClCompile>
    <ClCompile Include="DoubleArc.cpp">
      <Filter>Source Files</Filter>
    </ClCompile>
    <ClCompile Include="FrontCadChildFrame.cpp">
      <Filter>Source Files</Filter>
    </ClCompile>
    <ClCompile Include="RulerCornerView.cpp">
      <Filter>Source Files</Filter>
    </ClCompile>
    <ClCompile Include="RulerSplitterWindow.cpp">
      <Filter>Source Files</Filter>
    </ClCompile>
    <ClCompile Include="RulerView.cpp">
      <Filter>Source Files</Filter>
    </ClCompile>
    <ClCompile Include="RulerInfo.cpp">
      <Filter>Source Files</Filter>
    </ClCompile>
    <ClCompile Include="Grid.cpp">
      <Filter>Source Files</Filter>
    </ClCompile>
    <ClCompile Include="MyEvent.cpp">
      <Filter>Source Files</Filter>
    </ClCompile>
    <ClCompile Include="ChildViewBase.cpp">
      <Filter>Source Files</Filter>
    </ClCompile>
    <ClCompile Include="ChildFrameBase.cpp">
      <Filter>Source Files</Filter>
    </ClCompile>
  </ItemGroup>
  <ItemGroup>
    <None Include="FrontCad.reg" />
    <None Include="res\FrontCad.rc2">
      <Filter>Resource Files</Filter>
    </None>
    <None Include="README.md">
      <Filter>Readme</Filter>
    </None>
    <None Include="bin\FrontCad.exe">
      <Filter>bin</Filter>
    </None>
  </ItemGroup>
  <ItemGroup>
    <ResourceCompile Include="FrontCad.rc">
      <Filter>Resource Files</Filter>
    </ResourceCompile>
  </ItemGroup>
  <ItemGroup>
    <Image Include="res\FrontCadDoc.ico">
      <Filter>Resource Files</Filter>
    </Image>
    <Image Include="res\FrontCad.ico">
      <Filter>Resource Files</Filter>
    </Image>
    <Image Include="res\Toolbar.bmp">
      <Filter>Resource Files</Filter>
    </Image>
  </ItemGroup>
</Project>